// !$*UTF8*$!
{
	archiveVersion = 1;
	classes = {
	};
	objectVersion = 50;
	objects = {

/* Begin PBXBuildFile section */
		300437C22142DD7000B3BC43 /* latch_click.mp3 in Resources */ = {isa = PBXBuildFile; fileRef = 300437C12142DD7000B3BC43 /* latch_click.mp3 */; };
		300437C42142DD7B00B3BC43 /* imdabes.mp3 in Resources */ = {isa = PBXBuildFile; fileRef = 300437C32142DD7B00B3BC43 /* imdabes.mp3 */; };
		300437C62142E03800B3BC43 /* crash.mp3 in Resources */ = {isa = PBXBuildFile; fileRef = 300437C52142E03800B3BC43 /* crash.mp3 */; };
		62F9B3532141DDD100155EB8 /* AppDelegate.swift in Sources */ = {isa = PBXBuildFile; fileRef = 62F9B3522141DDD100155EB8 /* AppDelegate.swift */; };
		62F9B3552141DDD100155EB8 /* ViewController.swift in Sources */ = {isa = PBXBuildFile; fileRef = 62F9B3542141DDD100155EB8 /* ViewController.swift */; };
		62F9B3582141DDD100155EB8 /* Main.storyboard in Resources */ = {isa = PBXBuildFile; fileRef = 62F9B3562141DDD100155EB8 /* Main.storyboard */; };
		62F9B35B2141DDD100155EB8 /* crazyMaze.xcdatamodeld in Sources */ = {isa = PBXBuildFile; fileRef = 62F9B3592141DDD100155EB8 /* crazyMaze.xcdatamodeld */; };
		62F9B35D2141DDD500155EB8 /* Assets.xcassets in Resources */ = {isa = PBXBuildFile; fileRef = 62F9B35C2141DDD500155EB8 /* Assets.xcassets */; };
		62F9B3602141DDD500155EB8 /* LaunchScreen.storyboard in Resources */ = {isa = PBXBuildFile; fileRef = 62F9B35E2141DDD500155EB8 /* LaunchScreen.storyboard */; };
		62F9B3682141E14500155EB8 /* gameViewController.swift in Sources */ = {isa = PBXBuildFile; fileRef = 62F9B3672141E14500155EB8 /* gameViewController.swift */; };
/* End PBXBuildFile section */

/* Begin PBXFileReference section */
		300437C12142DD7000B3BC43 /* latch_click.mp3 */ = {isa = PBXFileReference; lastKnownFileType = audio.mp3; path = latch_click.mp3; sourceTree = "<group>"; };
		300437C32142DD7B00B3BC43 /* imdabes.mp3 */ = {isa = PBXFileReference; lastKnownFileType = audio.mp3; path = imdabes.mp3; sourceTree = "<group>"; };
		300437C52142E03800B3BC43 /* crash.mp3 */ = {isa = PBXFileReference; lastKnownFileType = audio.mp3; path = crash.mp3; sourceTree = "<group>"; };
		62F9B34F2141DDD100155EB8 /* crazyMaze.app */ = {isa = PBXFileReference; explicitFileType = wrapper.application; includeInIndex = 0; path = crazyMaze.app; sourceTree = BUILT_PRODUCTS_DIR; };
		62F9B3522141DDD100155EB8 /* AppDelegate.swift */ = {isa = PBXFileReference; lastKnownFileType = sourcecode.swift; path = AppDelegate.swift; sourceTree = "<group>"; };
		62F9B3542141DDD100155EB8 /* ViewController.swift */ = {isa = PBXFileReference; lastKnownFileType = sourcecode.swift; path = ViewController.swift; sourceTree = "<group>"; };
		62F9B3572141DDD100155EB8 /* Base */ = {isa = PBXFileReference; lastKnownFileType = file.storyboard; name = Base; path = Base.lproj/Main.storyboard; sourceTree = "<group>"; };
		62F9B35A2141DDD100155EB8 /* crazyMaze.xcdatamodel */ = {isa = PBXFileReference; lastKnownFileType = wrapper.xcdatamodel; path = crazyMaze.xcdatamodel; sourceTree = "<group>"; };
		62F9B35C2141DDD500155EB8 /* Assets.xcassets */ = {isa = PBXFileReference; lastKnownFileType = folder.assetcatalog; path = Assets.xcassets; sourceTree = "<group>"; };
		62F9B35F2141DDD500155EB8 /* Base */ = {isa = PBXFileReference; lastKnownFileType = file.storyboard; name = Base; path = Base.lproj/LaunchScreen.storyboard; sourceTree = "<group>"; };
		62F9B3612141DDD500155EB8 /* Info.plist */ = {isa = PBXFileReference; lastKnownFileType = text.plist.xml; path = Info.plist; sourceTree = "<group>"; };
		62F9B3672141E14500155EB8 /* gameViewController.swift */ = {isa = PBXFileReference; lastKnownFileType = sourcecode.swift; path = gameViewController.swift; sourceTree = "<group>"; };
/* End PBXFileReference section */

/* Begin PBXFrameworksBuildPhase section */
		62F9B34C2141DDD100155EB8 /* Frameworks */ = {
			isa = PBXFrameworksBuildPhase;
			buildActionMask = 2147483647;
			files = (
			);
			runOnlyForDeploymentPostprocessing = 0;
		};
/* End PBXFrameworksBuildPhase section */

/* Begin PBXGroup section */
		62F9B3462141DDD100155EB8 = {
			isa = PBXGroup;
			children = (
				62F9B3512141DDD100155EB8 /* crazyMaze */,
				62F9B3502141DDD100155EB8 /* Products */,
			);
			sourceTree = "<group>";
		};
		62F9B3502141DDD100155EB8 /* Products */ = {
			isa = PBXGroup;
			children = (
				62F9B34F2141DDD100155EB8 /* crazyMaze.app */,
			);
			name = Products;
			sourceTree = "<group>";
		};
		62F9B3512141DDD100155EB8 /* crazyMaze */ = {
			isa = PBXGroup;
			children = (
				62F9B3522141DDD100155EB8 /* AppDelegate.swift */,
				62F9B3542141DDD100155EB8 /* ViewController.swift */,
				62F9B3562141DDD100155EB8 /* Main.storyboard */,
				62F9B35C2141DDD500155EB8 /* Assets.xcassets */,
				62F9B35E2141DDD500155EB8 /* LaunchScreen.storyboard */,
				62F9B3612141DDD500155EB8 /* Info.plist */,
				62F9B3592141DDD100155EB8 /* crazyMaze.xcdatamodeld */,
				62F9B3672141E14500155EB8 /* gameViewController.swift */,
				300437C12142DD7000B3BC43 /* latch_click.mp3 */,
				300437C32142DD7B00B3BC43 /* imdabes.mp3 */,
				300437C52142E03800B3BC43 /* crash.mp3 */,
			);
			path = crazyMaze;
			sourceTree = "<group>";
		};
/* End PBXGroup section */

/* Begin PBXNativeTarget section */
		62F9B34E2141DDD100155EB8 /* crazyMaze */ = {
			isa = PBXNativeTarget;
			buildConfigurationList = 62F9B3642141DDD500155EB8 /* Build configuration list for PBXNativeTarget "crazyMaze" */;
			buildPhases = (
				62F9B34B2141DDD100155EB8 /* Sources */,
				62F9B34C2141DDD100155EB8 /* Frameworks */,
				62F9B34D2141DDD100155EB8 /* Resources */,
			);
			buildRules = (
			);
			dependencies = (
			);
			name = crazyMaze;
			productName = crazyMaze;
			productReference = 62F9B34F2141DDD100155EB8 /* crazyMaze.app */;
			productType = "com.apple.product-type.application";
		};
/* End PBXNativeTarget section */

/* Begin PBXProject section */
		62F9B3472141DDD100155EB8 /* Project object */ = {
			isa = PBXProject;
			attributes = {
				LastSwiftUpdateCheck = 0940;
				LastUpgradeCheck = 0940;
				ORGANIZATIONNAME = "Tenju Paul";
				TargetAttributes = {
					62F9B34E2141DDD100155EB8 = {
						CreatedOnToolsVersion = 9.4.1;
						SystemCapabilities = {
							com.apple.BackgroundModes = {
								enabled = 0;
							};
						};
					};
				};
			};
			buildConfigurationList = 62F9B34A2141DDD100155EB8 /* Build configuration list for PBXProject "crazyMaze" */;
			compatibilityVersion = "Xcode 9.3";
			developmentRegion = en;
			hasScannedForEncodings = 0;
			knownRegions = (
				en,
				Base,
			);
			mainGroup = 62F9B3462141DDD100155EB8;
			productRefGroup = 62F9B3502141DDD100155EB8 /* Products */;
			projectDirPath = "";
			projectRoot = "";
			targets = (
				62F9B34E2141DDD100155EB8 /* crazyMaze */,
			);
		};
/* End PBXProject section */

/* Begin PBXResourcesBuildPhase section */
		62F9B34D2141DDD100155EB8 /* Resources */ = {
			isa = PBXResourcesBuildPhase;
			buildActionMask = 2147483647;
			files = (
				300437C62142E03800B3BC43 /* crash.mp3 in Resources */,
				62F9B3602141DDD500155EB8 /* LaunchScreen.storyboard in Resources */,
				62F9B35D2141DDD500155EB8 /* Assets.xcassets in Resources */,
				300437C42142DD7B00B3BC43 /* imdabes.mp3 in Resources */,
				300437C22142DD7000B3BC43 /* latch_click.mp3 in Resources */,
				62F9B3582141DDD100155EB8 /* Main.storyboard in Resources */,
			);
			runOnlyForDeploymentPostprocessing = 0;
		};
/* End PBXResourcesBuildPhase section */

/* Begin PBXSourcesBuildPhase section */
		62F9B34B2141DDD100155EB8 /* Sources */ = {
			isa = PBXSourcesBuildPhase;
			buildActionMask = 2147483647;
			files = (
				62F9B3682141E14500155EB8 /* gameViewController.swift in Sources */,
				62F9B3552141DDD100155EB8 /* ViewController.swift in Sources */,
				62F9B35B2141DDD100155EB8 /* crazyMaze.xcdatamodeld in Sources */,
				62F9B3532141DDD100155EB8 /* AppDelegate.swift in Sources */,
			);
			runOnlyForDeploymentPostprocessing = 0;
		};
/* End PBXSourcesBuildPhase section */

/* Begin PBXVariantGroup section */
		62F9B3562141DDD100155EB8 /* Main.storyboard */ = {
			isa = PBXVariantGroup;
			children = (
				62F9B3572141DDD100155EB8 /* Base */,
			);
			name = Main.storyboard;
			sourceTree = "<group>";
		};
		62F9B35E2141DDD500155EB8 /* LaunchScreen.storyboard */ = {
			isa = PBXVariantGroup;
			children = (
				62F9B35F2141DDD500155EB8 /* Base */,
			);
			name = LaunchScreen.storyboard;
			sourceTree = "<group>";
		};
/* End PBXVariantGroup section */

/* Begin XCBuildConfiguration section */
		62F9B3622141DDD500155EB8 /* Debug */ = {
			isa = XCBuildConfiguration;
			buildSettings = {
				ALWAYS_SEARCH_USER_PATHS = NO;
				CLANG_ANALYZER_NONNULL = YES;
				CLANG_ANALYZER_NUMBER_OBJECT_CONVERSION = YES_AGGRESSIVE;
				CLANG_CXX_LANGUAGE_STANDARD = "gnu++14";
				CLANG_CXX_LIBRARY = "libc++";
				CLANG_ENABLE_MODULES = YES;
				CLANG_ENABLE_OBJC_ARC = YES;
				CLANG_ENABLE_OBJC_WEAK = YES;
				CLANG_WARN_BLOCK_CAPTURE_AUTORELEASING = YES;
				CLANG_WARN_BOOL_CONVERSION = YES;
				CLANG_WARN_COMMA = YES;
				CLANG_WARN_CONSTANT_CONVERSION = YES;
				CLANG_WARN_DEPRECATED_OBJC_IMPLEMENTATIONS = YES;
				CLANG_WARN_DIRECT_OBJC_ISA_USAGE = YES_ERROR;
				CLANG_WARN_DOCUMENTATION_COMMENTS = YES;
				CLANG_WARN_EMPTY_BODY = YES;
				CLANG_WARN_ENUM_CONVERSION = YES;
				CLANG_WARN_INFINITE_RECURSION = YES;
				CLANG_WARN_INT_CONVERSION = YES;
				CLANG_WARN_NON_LITERAL_NULL_CONVERSION = YES;
				CLANG_WARN_OBJC_IMPLICIT_RETAIN_SELF = YES;
				CLANG_WARN_OBJC_LITERAL_CONVERSION = YES;
				CLANG_WARN_OBJC_ROOT_CLASS = YES_ERROR;
				CLANG_WARN_RANGE_LOOP_ANALYSIS = YES;
				CLANG_WARN_STRICT_PROTOTYPES = YES;
				CLANG_WARN_SUSPICIOUS_MOVE = YES;
				CLANG_WARN_UNGUARDED_AVAILABILITY = YES_AGGRESSIVE;
				CLANG_WARN_UNREACHABLE_CODE = YES;
				CLANG_WARN__DUPLICATE_METHOD_MATCH = YES;
				CODE_SIGN_IDENTITY = "iPhone Developer";
				COPY_PHASE_STRIP = NO;
				DEBUG_INFORMATION_FORMAT = dwarf;
				ENABLE_STRICT_OBJC_MSGSEND = YES;
				ENABLE_TESTABILITY = YES;
				GCC_C_LANGUAGE_STANDARD = gnu11;
				GCC_DYNAMIC_NO_PIC = NO;
				GCC_NO_COMMON_BLOCKS = YES;
				GCC_OPTIMIZATION_LEVEL = 0;
				GCC_PREPROCESSOR_DEFINITIONS = (
					"DEBUG=1",
					"$(inherited)",
				);
				GCC_WARN_64_TO_32_BIT_CONVERSION = YES;
				GCC_WARN_ABOUT_RETURN_TYPE = YES_ERROR;
				GCC_WARN_UNDECLARED_SELECTOR = YES;
				GCC_WARN_UNINITIALIZED_AUTOS = YES_AGGRESSIVE;
				GCC_WARN_UNUSED_FUNCTION = YES;
				GCC_WARN_UNUSED_VARIABLE = YES;
				IPHONEOS_DEPLOYMENT_TARGET = 11.4;
				MTL_ENABLE_DEBUG_INFO = YES;
				ONLY_ACTIVE_ARCH = YES;
				SDKROOT = iphoneos;
				SWIFT_ACTIVE_COMPILATION_CONDITIONS = DEBUG;
				SWIFT_OPTIMIZATION_LEVEL = "-Onone";
			};
			name = Debug;
		};
		62F9B3632141DDD500155EB8 /* Release */ = {
			isa = XCBuildConfiguration;
			buildSettings = {
				ALWAYS_SEARCH_USER_PATHS = NO;
				CLANG_ANALYZER_NONNULL = YES;
				CLANG_ANALYZER_NUMBER_OBJECT_CONVERSION = YES_AGGRESSIVE;
				CLANG_CXX_LANGUAGE_STANDARD = "gnu++14";
				CLANG_CXX_LIBRARY = "libc++";
				CLANG_ENABLE_MODULES = YES;
				CLANG_ENABLE_OBJC_ARC = YES;
				CLANG_ENABLE_OBJC_WEAK = YES;
				CLANG_WARN_BLOCK_CAPTURE_AUTORELEASING = YES;
				CLANG_WARN_BOOL_CONVERSION = YES;
				CLANG_WARN_COMMA = YES;
				CLANG_WARN_CONSTANT_CONVERSION = YES;
				CLANG_WARN_DEPRECATED_OBJC_IMPLEMENTATIONS = YES;
				CLANG_WARN_DIRECT_OBJC_ISA_USAGE = YES_ERROR;
				CLANG_WARN_DOCUMENTATION_COMMENTS = YES;
				CLANG_WARN_EMPTY_BODY = YES;
				CLANG_WARN_ENUM_CONVERSION = YES;
				CLANG_WARN_INFINITE_RECURSION = YES;
				CLANG_WARN_INT_CONVERSION = YES;
				CLANG_WARN_NON_LITERAL_NULL_CONVERSION = YES;
				CLANG_WARN_OBJC_IMPLICIT_RETAIN_SELF = YES;
				CLANG_WARN_OBJC_LITERAL_CONVERSION = YES;
				CLANG_WARN_OBJC_ROOT_CLASS = YES_ERROR;
				CLANG_WARN_RANGE_LOOP_ANALYSIS = YES;
				CLANG_WARN_STRICT_PROTOTYPES = YES;
				CLANG_WARN_SUSPICIOUS_MOVE = YES;
				CLANG_WARN_UNGUARDED_AVAILABILITY = YES_AGGRESSIVE;
				CLANG_WARN_UNREACHABLE_CODE = YES;
				CLANG_WARN__DUPLICATE_METHOD_MATCH = YES;
				CODE_SIGN_IDENTITY = "iPhone Developer";
				COPY_PHASE_STRIP = NO;
				DEBUG_INFORMATION_FORMAT = "dwarf-with-dsym";
				ENABLE_NS_ASSERTIONS = NO;
				ENABLE_STRICT_OBJC_MSGSEND = YES;
				GCC_C_LANGUAGE_STANDARD = gnu11;
				GCC_NO_COMMON_BLOCKS = YES;
				GCC_WARN_64_TO_32_BIT_CONVERSION = YES;
				GCC_WARN_ABOUT_RETURN_TYPE = YES_ERROR;
				GCC_WARN_UNDECLARED_SELECTOR = YES;
				GCC_WARN_UNINITIALIZED_AUTOS = YES_AGGRESSIVE;
				GCC_WARN_UNUSED_FUNCTION = YES;
				GCC_WARN_UNUSED_VARIABLE = YES;
				IPHONEOS_DEPLOYMENT_TARGET = 11.4;
				MTL_ENABLE_DEBUG_INFO = NO;
				SDKROOT = iphoneos;
				SWIFT_COMPILATION_MODE = wholemodule;
				SWIFT_OPTIMIZATION_LEVEL = "-O";
				VALIDATE_PRODUCT = YES;
			};
			name = Release;
		};
		62F9B3652141DDD500155EB8 /* Debug */ = {
			isa = XCBuildConfiguration;
			buildSettings = {
				ASSETCATALOG_COMPILER_APPICON_NAME = AppIcon;
				CODE_SIGN_STYLE = Automatic;
				DEVELOPMENT_TEAM = 7KAF5S7P6Y;
				INFOPLIST_FILE = crazyMaze/Info.plist;
				LD_RUNPATH_SEARCH_PATHS = (
					"$(inherited)",
					"@executable_path/Frameworks",
				);
				PRODUCT_BUNDLE_IDENTIFIER = com.kimvyvo.crazyMaze;
				PRODUCT_NAME = "$(TARGET_NAME)";
				SWIFT_VERSION = 4.0;
				TARGETED_DEVICE_FAMILY = "1,2";
			};
			name = Debug;
		};
		62F9B3662141DDD500155EB8 /* Release */ = {
			isa = XCBuildConfiguration;
			buildSettings = {
				ASSETCATALOG_COMPILER_APPICON_NAME = AppIcon;
				CODE_SIGN_STYLE = Automatic;
				DEVELOPMENT_TEAM = 7KAF5S7P6Y;
				INFOPLIST_FILE = crazyMaze/Info.plist;
				LD_RUNPATH_SEARCH_PATHS = (
					"$(inherited)",
					"@executable_path/Frameworks",
				);
				PRODUCT_BUNDLE_IDENTIFIER = com.kimvyvo.crazyMaze;
				PRODUCT_NAME = "$(TARGET_NAME)";
				SWIFT_VERSION = 4.0;
				TARGETED_DEVICE_FAMILY = "1,2";
			};
			name = Release;
		};
/* End XCBuildConfiguration section */

/* Begin XCConfigurationList section */
		62F9B34A2141DDD100155EB8 /* Build configuration list for PBXProject "crazyMaze" */ = {
			isa = XCConfigurationList;
			buildConfigurations = (
				62F9B3622141DDD500155EB8 /* Debug */,
				62F9B3632141DDD500155EB8 /* Release */,
			);
			defaultConfigurationIsVisible = 0;
			defaultConfigurationName = Release;
		};
		62F9B3642141DDD500155EB8 /* Build configuration list for PBXNativeTarget "crazyMaze" */ = {
			isa = XCConfigurationList;
			buildConfigurations = (
				62F9B3652141DDD500155EB8 /* Debug */,
				62F9B3662141DDD500155EB8 /* Release */,
			);
			defaultConfigurationIsVisible = 0;
			defaultConfigurationName = Release;
		};
/* End XCConfigurationList section */

/* Begin XCVersionGroup section */
		62F9B3592141DDD100155EB8 /* crazyMaze.xcdatamodeld */ = {
			isa = XCVersionGroup;
			children = (
				62F9B35A2141DDD100155EB8 /* crazyMaze.xcdatamodel */,
			);
			currentVersion = 62F9B35A2141DDD100155EB8 /* crazyMaze.xcdatamodel */;
			path = crazyMaze.xcdatamodeld;
			sourceTree = "<group>";
			versionGroupType = wrapper.xcdatamodel;
		};
/* End XCVersionGroup section */
	};
	rootObject = 62F9B3472141DDD100155EB8 /* Project object */;
}
